<Solution>
  <Configurations>
    <Platform Name="Any CPU" />
    <Platform Name="x64" />
    <Platform Name="x86" />
  </Configurations>
  <Folder Name="/ArchitectureTests/">
    <Project Path="tests/ArchitectureTests/ArchitectureTests.csproj" />
  </Folder>
  <Folder Name="/BuildingBlocks/" />
  <Folder Name="/BuildingBlocks/Shared/">
    <Project Path="ERP.Shared.Application/ERP.Shared.Application.csproj" />
    <Project Path="ERP.Shared.Domain/ERP.Shared.Domain.csproj" />
    <Project Path="ERP.Shared.Presentation/ERP.Shared.Presentation.csproj" />
  </Folder>
  <Folder Name="/Host/">
    <Project Path="ERP.AppHost/ERP.AppHost.csproj" />
  </Folder>
  <Folder Name="/Modules/" />
  <Folder Name="/Modules/Products/">
    <Project Path="ERP.Products.Api/ERP.Products.Api.csproj" />
    <Project Path="ERP.Products.Application/ERP.Products.Application.csproj" />
    <Project Path="ERP.Products.Domain/ERP.Products.Domain.csproj" />
    <Project Path="ERP.Products.Presentation/ERP.Products.Presentation.csproj" />
  </Folder>
  <Folder Name="/Modules/Products/Infrastructures/">
    <Project Path="ERP.Products.Dispatcher.BackgroundWorker/ERP.Products.Dispatcher.BackgroundWorker.csproj" />
    <Project Path="ERP.Products.Dispatcher.Hangfire/ERP.Products.Dispatcher.Hangfire.csproj" />
    <Project Path="ERP.Products.Messaging.RabbitMQ/ERP.Products.Messaging.RabbitMQ.csproj" />
    <Project Path="ERP.Products.Persistance.MongoDb/ERP.Products.Persistance.MongoDb.csproj" />
  </Folder>
  <Folder Name="/Orchestrator/">
    <Project Path="ERP.Contracts.MessageOrchestrator/ERP.Contracts.MessageOrchestrator.csproj" />
    <Project Path="ERP.MessageOrchestrator/ERP.MessageOrchestrator.csproj" />
  </Folder>
</Solution>
