
Microsoft Visual Studio Solution File, Format Version 12.00
# Visual Studio Version 17
VisualStudioVersion = 17.0.31903.59
MinimumVisualStudioVersion = 10.0.40219.1
Project("{FAE04EC0-301F-11D3-BF4B-00C04F79EFBC}") = "ERP.Shared.Presentation", "ERP.Shared.Presentation\ERP.Shared.Presentation.csproj", "{5E3E3FD4-A24C-4376-9EE7-A61A0D1A23FD}"
EndProject
Project("{FAE04EC0-301F-11D3-BF4B-00C04F79EFBC}") = "ERP.Shared.Application", "ERP.Shared.Application\ERP.Shared.Application.csproj", "{0F7614C4-8BDB-43D7-B8AA-5FC10DAFADE1}"
EndProject
Project("{FAE04EC0-301F-11D3-BF4B-00C04F79EFBC}") = "ERP.Shared.Domain", "ERP.Shared.Domain\ERP.Shared.Domain.csproj", "{5C43A4F5-11DA-4500-A610-46636C8011F1}"
EndProject
Project("{FAE04EC0-301F-11D3-BF4B-00C04F79EFBC}") = "ERP.Shared.Integration", "ERP.Shared.Integration\ERP.Shared.Integration.csproj", "{75D5DDF6-CBDB-4495-B8D2-EDB9F718CB15}"
EndProject
Project("{FAE04EC0-301F-11D3-BF4B-00C04F79EFBC}") = "ERP.Products.Api", "ERP.Products.Api\ERP.Products.Api.csproj", "{FB42FE81-FF0E-498A-837B-883D2268F3FA}"
EndProject
Project("{FAE04EC0-301F-11D3-BF4B-00C04F79EFBC}") = "ERP.Products.Dispatcher.Hangfire", "ERP.Products.Dispatcher.Hangfire\ERP.Products.Dispatcher.Hangfire.csproj", "{5C9284DD-A9FF-43A3-8BC7-88A74BDB1633}"
EndProject
Project("{FAE04EC0-301F-11D3-BF4B-00C04F79EFBC}") = "ERP.Products.Application", "ERP.Products.Application\ERP.Products.Application.csproj", "{33886522-BF05-4737-9577-6A29DD0DD11B}"
EndProject
Project("{FAE04EC0-301F-11D3-BF4B-00C04F79EFBC}") = "ERP.Products.Domain", "ERP.Products.Domain\ERP.Products.Domain.csproj", "{07B1B5D0-2994-44FE-AEAF-2A38EA39DB65}"
EndProject
Project("{FAE04EC0-301F-11D3-BF4B-00C04F79EFBC}") = "ERP.Products.Presentation", "ERP.Products.Presentation\ERP.Products.Presentation.csproj", "{8E5A8BCB-E0F4-4DEA-B356-629F195A6AB1}"
EndProject
Project("{FAE04EC0-301F-11D3-BF4B-00C04F79EFBC}") = "ERP.Products.Persistance.MongoDb", "ERP.Products.Persistance.MongoDb\ERP.Products.Persistance.MongoDb.csproj", "{19F6EB9E-09BE-467E-82C7-FD401594537A}"
EndProject
Project("{FAE04EC0-301F-11D3-BF4B-00C04F79EFBC}") = "ERP.Products.Messaging.RabbitMQ", "ERP.Products.Messaging.RabbitMQ\ERP.Products.Messaging.RabbitMQ.csproj", "{D2976976-4E06-4FC1-A100-2CB23C98FE5A}"
EndProject
Project("{FAE04EC0-301F-11D3-BF4B-00C04F79EFBC}") = "ERP.MessageOrchestrator", "ERP.MessageOrchestrator\ERP.MessageOrchestrator.csproj", "{95A9A2E1-4A63-4D52-934A-2AB7420BFDF3}"
EndProject
Project("{FAE04EC0-301F-11D3-BF4B-00C04F79EFBC}") = "ERP.AppHost", "ERP.AppHost\ERP.AppHost.csproj", "{C3DB1F67-854B-481B-85A2-1DFB81BD422F}"
EndProject
Project("{FAE04EC0-301F-11D3-BF4B-00C04F79EFBC}") = "ArchitectureTests", "tests\ArchitectureTests\ArchitectureTests.csproj", "{4C66702E-9060-4C92-BB3C-2B770CF7D20C}"
EndProject
Global
	GlobalSection(SolutionConfigurationPlatforms) = preSolution
		Debug|Any CPU = Debug|Any CPU
		Debug|x64 = Debug|x64
		Debug|x86 = Debug|x86
		Release|Any CPU = Release|Any CPU
		Release|x64 = Release|x64
		Release|x86 = Release|x86
	EndGlobalSection
	GlobalSection(ProjectConfigurationPlatforms) = postSolution
		{5E3E3FD4-A24C-4376-9EE7-A61A0D1A23FD}.Debug|Any CPU.ActiveCfg = Debug|Any CPU
		{5E3E3FD4-A24C-4376-9EE7-A61A0D1A23FD}.Debug|Any CPU.Build.0 = Debug|Any CPU
		{5E3E3FD4-A24C-4376-9EE7-A61A0D1A23FD}.Debug|x64.ActiveCfg = Debug|Any CPU
		{5E3E3FD4-A24C-4376-9EE7-A61A0D1A23FD}.Debug|x64.Build.0 = Debug|Any CPU
		{5E3E3FD4-A24C-4376-9EE7-A61A0D1A23FD}.Debug|x86.ActiveCfg = Debug|Any CPU
		{5E3E3FD4-A24C-4376-9EE7-A61A0D1A23FD}.Debug|x86.Build.0 = Debug|Any CPU
		{5E3E3FD4-A24C-4376-9EE7-A61A0D1A23FD}.Release|Any CPU.ActiveCfg = Release|Any CPU
		{5E3E3FD4-A24C-4376-9EE7-A61A0D1A23FD}.Release|Any CPU.Build.0 = Release|Any CPU
		{5E3E3FD4-A24C-4376-9EE7-A61A0D1A23FD}.Release|x64.ActiveCfg = Release|Any CPU
		{5E3E3FD4-A24C-4376-9EE7-A61A0D1A23FD}.Release|x64.Build.0 = Release|Any CPU
		{5E3E3FD4-A24C-4376-9EE7-A61A0D1A23FD}.Release|x86.ActiveCfg = Release|Any CPU
		{5E3E3FD4-A24C-4376-9EE7-A61A0D1A23FD}.Release|x86.Build.0 = Release|Any CPU
		{0F7614C4-8BDB-43D7-B8AA-5FC10DAFADE1}.Debug|Any CPU.ActiveCfg = Debug|Any CPU
		{0F7614C4-8BDB-43D7-B8AA-5FC10DAFADE1}.Debug|Any CPU.Build.0 = Debug|Any CPU
		{0F7614C4-8BDB-43D7-B8AA-5FC10DAFADE1}.Debug|x64.ActiveCfg = Debug|Any CPU
		{0F7614C4-8BDB-43D7-B8AA-5FC10DAFADE1}.Debug|x64.Build.0 = Debug|Any CPU
		{0F7614C4-8BDB-43D7-B8AA-5FC10DAFADE1}.Debug|x86.ActiveCfg = Debug|Any CPU
		{0F7614C4-8BDB-43D7-B8AA-5FC10DAFADE1}.Debug|x86.Build.0 = Debug|Any CPU
		{0F7614C4-8BDB-43D7-B8AA-5FC10DAFADE1}.Release|Any CPU.ActiveCfg = Release|Any CPU
		{0F7614C4-8BDB-43D7-B8AA-5FC10DAFADE1}.Release|Any CPU.Build.0 = Release|Any CPU
		{0F7614C4-8BDB-43D7-B8AA-5FC10DAFADE1}.Release|x64.ActiveCfg = Release|Any CPU
		{0F7614C4-8BDB-43D7-B8AA-5FC10DAFADE1}.Release|x64.Build.0 = Release|Any CPU
		{0F7614C4-8BDB-43D7-B8AA-5FC10DAFADE1}.Release|x86.ActiveCfg = Release|Any CPU
		{0F7614C4-8BDB-43D7-B8AA-5FC10DAFADE1}.Release|x86.Build.0 = Release|Any CPU
		{5C43A4F5-11DA-4500-A610-46636C8011F1}.Debug|Any CPU.ActiveCfg = Debug|Any CPU
		{5C43A4F5-11DA-4500-A610-46636C8011F1}.Debug|Any CPU.Build.0 = Debug|Any CPU
		{5C43A4F5-11DA-4500-A610-46636C8011F1}.Debug|x64.ActiveCfg = Debug|Any CPU
		{5C43A4F5-11DA-4500-A610-46636C8011F1}.Debug|x64.Build.0 = Debug|Any CPU
		{5C43A4F5-11DA-4500-A610-46636C8011F1}.Debug|x86.ActiveCfg = Debug|Any CPU
		{5C43A4F5-11DA-4500-A610-46636C8011F1}.Debug|x86.Build.0 = Debug|Any CPU
		{5C43A4F5-11DA-4500-A610-46636C8011F1}.Release|Any CPU.ActiveCfg = Release|Any CPU
		{5C43A4F5-11DA-4500-A610-46636C8011F1}.Release|Any CPU.Build.0 = Release|Any CPU
		{5C43A4F5-11DA-4500-A610-46636C8011F1}.Release|x64.ActiveCfg = Release|Any CPU
		{5C43A4F5-11DA-4500-A610-46636C8011F1}.Release|x64.Build.0 = Release|Any CPU
		{5C43A4F5-11DA-4500-A610-46636C8011F1}.Release|x86.ActiveCfg = Release|Any CPU
		{5C43A4F5-11DA-4500-A610-46636C8011F1}.Release|x86.Build.0 = Release|Any CPU
		{75D5DDF6-CBDB-4495-B8D2-EDB9F718CB15}.Debug|Any CPU.ActiveCfg = Debug|Any CPU
		{75D5DDF6-CBDB-4495-B8D2-EDB9F718CB15}.Debug|Any CPU.Build.0 = Debug|Any CPU
		{75D5DDF6-CBDB-4495-B8D2-EDB9F718CB15}.Debug|x64.ActiveCfg = Debug|Any CPU
		{75D5DDF6-CBDB-4495-B8D2-EDB9F718CB15}.Debug|x64.Build.0 = Debug|Any CPU
		{75D5DDF6-CBDB-4495-B8D2-EDB9F718CB15}.Debug|x86.ActiveCfg = Debug|Any CPU
		{75D5DDF6-CBDB-4495-B8D2-EDB9F718CB15}.Debug|x86.Build.0 = Debug|Any CPU
		{75D5DDF6-CBDB-4495-B8D2-EDB9F718CB15}.Release|Any CPU.ActiveCfg = Release|Any CPU
		{75D5DDF6-CBDB-4495-B8D2-EDB9F718CB15}.Release|Any CPU.Build.0 = Release|Any CPU
		{75D5DDF6-CBDB-4495-B8D2-EDB9F718CB15}.Release|x64.ActiveCfg = Release|Any CPU
		{75D5DDF6-CBDB-4495-B8D2-EDB9F718CB15}.Release|x64.Build.0 = Release|Any CPU
		{75D5DDF6-CBDB-4495-B8D2-EDB9F718CB15}.Release|x86.ActiveCfg = Release|Any CPU
		{75D5DDF6-CBDB-4495-B8D2-EDB9F718CB15}.Release|x86.Build.0 = Release|Any CPU
		{FB42FE81-FF0E-498A-837B-883D2268F3FA}.Debug|Any CPU.ActiveCfg = Debug|Any CPU
		{FB42FE81-FF0E-498A-837B-883D2268F3FA}.Debug|Any CPU.Build.0 = Debug|Any CPU
		{FB42FE81-FF0E-498A-837B-883D2268F3FA}.Debug|x64.ActiveCfg = Debug|Any CPU
		{FB42FE81-FF0E-498A-837B-883D2268F3FA}.Debug|x64.Build.0 = Debug|Any CPU
		{FB42FE81-FF0E-498A-837B-883D2268F3FA}.Debug|x86.ActiveCfg = Debug|Any CPU
		{FB42FE81-FF0E-498A-837B-883D2268F3FA}.Debug|x86.Build.0 = Debug|Any CPU
		{FB42FE81-FF0E-498A-837B-883D2268F3FA}.Release|Any CPU.ActiveCfg = Release|Any CPU
		{FB42FE81-FF0E-498A-837B-883D2268F3FA}.Release|Any CPU.Build.0 = Release|Any CPU
		{FB42FE81-FF0E-498A-837B-883D2268F3FA}.Release|x64.ActiveCfg = Release|Any CPU
		{FB42FE81-FF0E-498A-837B-883D2268F3FA}.Release|x64.Build.0 = Release|Any CPU
		{FB42FE81-FF0E-498A-837B-883D2268F3FA}.Release|x86.ActiveCfg = Release|Any CPU
		{FB42FE81-FF0E-498A-837B-883D2268F3FA}.Release|x86.Build.0 = Release|Any CPU
		{5C9284DD-A9FF-43A3-8BC7-88A74BDB1633}.Debug|Any CPU.ActiveCfg = Debug|Any CPU
		{5C9284DD-A9FF-43A3-8BC7-88A74BDB1633}.Debug|Any CPU.Build.0 = Debug|Any CPU
		{5C9284DD-A9FF-43A3-8BC7-88A74BDB1633}.Debug|x64.ActiveCfg = Debug|Any CPU
		{5C9284DD-A9FF-43A3-8BC7-88A74BDB1633}.Debug|x64.Build.0 = Debug|Any CPU
		{5C9284DD-A9FF-43A3-8BC7-88A74BDB1633}.Debug|x86.ActiveCfg = Debug|Any CPU
		{5C9284DD-A9FF-43A3-8BC7-88A74BDB1633}.Debug|x86.Build.0 = Debug|Any CPU
		{5C9284DD-A9FF-43A3-8BC7-88A74BDB1633}.Release|Any CPU.ActiveCfg = Release|Any CPU
		{5C9284DD-A9FF-43A3-8BC7-88A74BDB1633}.Release|Any CPU.Build.0 = Release|Any CPU
		{5C9284DD-A9FF-43A3-8BC7-88A74BDB1633}.Release|x64.ActiveCfg = Release|Any CPU
		{5C9284DD-A9FF-43A3-8BC7-88A74BDB1633}.Release|x64.Build.0 = Release|Any CPU
		{5C9284DD-A9FF-43A3-8BC7-88A74BDB1633}.Release|x86.ActiveCfg = Release|Any CPU
		{5C9284DD-A9FF-43A3-8BC7-88A74BDB1633}.Release|x86.Build.0 = Release|Any CPU
		{33886522-BF05-4737-9577-6A29DD0DD11B}.Debug|Any CPU.ActiveCfg = Debug|Any CPU
		{33886522-BF05-4737-9577-6A29DD0DD11B}.Debug|Any CPU.Build.0 = Debug|Any CPU
		{33886522-BF05-4737-9577-6A29DD0DD11B}.Debug|x64.ActiveCfg = Debug|Any CPU
		{33886522-BF05-4737-9577-6A29DD0DD11B}.Debug|x64.Build.0 = Debug|Any CPU
		{33886522-BF05-4737-9577-6A29DD0DD11B}.Debug|x86.ActiveCfg = Debug|Any CPU
		{33886522-BF05-4737-9577-6A29DD0DD11B}.Debug|x86.Build.0 = Debug|Any CPU
		{33886522-BF05-4737-9577-6A29DD0DD11B}.Release|Any CPU.ActiveCfg = Release|Any CPU
		{33886522-BF05-4737-9577-6A29DD0DD11B}.Release|Any CPU.Build.0 = Release|Any CPU
		{33886522-BF05-4737-9577-6A29DD0DD11B}.Release|x64.ActiveCfg = Release|Any CPU
		{33886522-BF05-4737-9577-6A29DD0DD11B}.Release|x64.Build.0 = Release|Any CPU
		{33886522-BF05-4737-9577-6A29DD0DD11B}.Release|x86.ActiveCfg = Release|Any CPU
		{33886522-BF05-4737-9577-6A29DD0DD11B}.Release|x86.Build.0 = Release|Any CPU
		{07B1B5D0-2994-44FE-AEAF-2A38EA39DB65}.Debug|Any CPU.ActiveCfg = Debug|Any CPU
		{07B1B5D0-2994-44FE-AEAF-2A38EA39DB65}.Debug|Any CPU.Build.0 = Debug|Any CPU
		{07B1B5D0-2994-44FE-AEAF-2A38EA39DB65}.Debug|x64.ActiveCfg = Debug|Any CPU
		{07B1B5D0-2994-44FE-AEAF-2A38EA39DB65}.Debug|x64.Build.0 = Debug|Any CPU
		{07B1B5D0-2994-44FE-AEAF-2A38EA39DB65}.Debug|x86.ActiveCfg = Debug|Any CPU
		{07B1B5D0-2994-44FE-AEAF-2A38EA39DB65}.Debug|x86.Build.0 = Debug|Any CPU
		{07B1B5D0-2994-44FE-AEAF-2A38EA39DB65}.Release|Any CPU.ActiveCfg = Release|Any CPU
		{07B1B5D0-2994-44FE-AEAF-2A38EA39DB65}.Release|Any CPU.Build.0 = Release|Any CPU
		{07B1B5D0-2994-44FE-AEAF-2A38EA39DB65}.Release|x64.ActiveCfg = Release|Any CPU
		{07B1B5D0-2994-44FE-AEAF-2A38EA39DB65}.Release|x64.Build.0 = Release|Any CPU
		{07B1B5D0-2994-44FE-AEAF-2A38EA39DB65}.Release|x86.ActiveCfg = Release|Any CPU
		{07B1B5D0-2994-44FE-AEAF-2A38EA39DB65}.Release|x86.Build.0 = Release|Any CPU
		{8E5A8BCB-E0F4-4DEA-B356-629F195A6AB1}.Debug|Any CPU.ActiveCfg = Debug|Any CPU
		{8E5A8BCB-E0F4-4DEA-B356-629F195A6AB1}.Debug|Any CPU.Build.0 = Debug|Any CPU
		{8E5A8BCB-E0F4-4DEA-B356-629F195A6AB1}.Debug|x64.ActiveCfg = Debug|Any CPU
		{8E5A8BCB-E0F4-4DEA-B356-629F195A6AB1}.Debug|x64.Build.0 = Debug|Any CPU
		{8E5A8BCB-E0F4-4DEA-B356-629F195A6AB1}.Debug|x86.ActiveCfg = Debug|Any CPU
		{8E5A8BCB-E0F4-4DEA-B356-629F195A6AB1}.Debug|x86.Build.0 = Debug|Any CPU
		{8E5A8BCB-E0F4-4DEA-B356-629F195A6AB1}.Release|Any CPU.ActiveCfg = Release|Any CPU
		{8E5A8BCB-E0F4-4DEA-B356-629F195A6AB1}.Release|Any CPU.Build.0 = Release|Any CPU
		{8E5A8BCB-E0F4-4DEA-B356-629F195A6AB1}.Release|x64.ActiveCfg = Release|Any CPU
		{8E5A8BCB-E0F4-4DEA-B356-629F195A6AB1}.Release|x64.Build.0 = Release|Any CPU
		{8E5A8BCB-E0F4-4DEA-B356-629F195A6AB1}.Release|x86.ActiveCfg = Release|Any CPU
		{8E5A8BCB-E0F4-4DEA-B356-629F195A6AB1}.Release|x86.Build.0 = Release|Any CPU
		{19F6EB9E-09BE-467E-82C7-FD401594537A}.Debug|Any CPU.ActiveCfg = Debug|Any CPU
		{19F6EB9E-09BE-467E-82C7-FD401594537A}.Debug|Any CPU.Build.0 = Debug|Any CPU
		{19F6EB9E-09BE-467E-82C7-FD401594537A}.Debug|x64.ActiveCfg = Debug|Any CPU
		{19F6EB9E-09BE-467E-82C7-FD401594537A}.Debug|x64.Build.0 = Debug|Any CPU
		{19F6EB9E-09BE-467E-82C7-FD401594537A}.Debug|x86.ActiveCfg = Debug|Any CPU
		{19F6EB9E-09BE-467E-82C7-FD401594537A}.Debug|x86.Build.0 = Debug|Any CPU
		{19F6EB9E-09BE-467E-82C7-FD401594537A}.Release|Any CPU.ActiveCfg = Release|Any CPU
		{19F6EB9E-09BE-467E-82C7-FD401594537A}.Release|Any CPU.Build.0 = Release|Any CPU
		{19F6EB9E-09BE-467E-82C7-FD401594537A}.Release|x64.ActiveCfg = Release|Any CPU
		{19F6EB9E-09BE-467E-82C7-FD401594537A}.Release|x64.Build.0 = Release|Any CPU
		{19F6EB9E-09BE-467E-82C7-FD401594537A}.Release|x86.ActiveCfg = Release|Any CPU
		{19F6EB9E-09BE-467E-82C7-FD401594537A}.Release|x86.Build.0 = Release|Any CPU
		{D2976976-4E06-4FC1-A100-2CB23C98FE5A}.Debug|Any CPU.ActiveCfg = Debug|Any CPU
		{D2976976-4E06-4FC1-A100-2CB23C98FE5A}.Debug|Any CPU.Build.0 = Debug|Any CPU
		{D2976976-4E06-4FC1-A100-2CB23C98FE5A}.Debug|x64.ActiveCfg = Debug|Any CPU
		{D2976976-4E06-4FC1-A100-2CB23C98FE5A}.Debug|x64.Build.0 = Debug|Any CPU
		{D2976976-4E06-4FC1-A100-2CB23C98FE5A}.Debug|x86.ActiveCfg = Debug|Any CPU
		{D2976976-4E06-4FC1-A100-2CB23C98FE5A}.Debug|x86.Build.0 = Debug|Any CPU
		{D2976976-4E06-4FC1-A100-2CB23C98FE5A}.Release|Any CPU.ActiveCfg = Release|Any CPU
		{D2976976-4E06-4FC1-A100-2CB23C98FE5A}.Release|Any CPU.Build.0 = Release|Any CPU
		{D2976976-4E06-4FC1-A100-2CB23C98FE5A}.Release|x64.ActiveCfg = Release|Any CPU
		{D2976976-4E06-4FC1-A100-2CB23C98FE5A}.Release|x64.Build.0 = Release|Any CPU
		{D2976976-4E06-4FC1-A100-2CB23C98FE5A}.Release|x86.ActiveCfg = Release|Any CPU
		{D2976976-4E06-4FC1-A100-2CB23C98FE5A}.Release|x86.Build.0 = Release|Any CPU
		{95A9A2E1-4A63-4D52-934A-2AB7420BFDF3}.Debug|Any CPU.ActiveCfg = Debug|Any CPU
		{95A9A2E1-4A63-4D52-934A-2AB7420BFDF3}.Debug|Any CPU.Build.0 = Debug|Any CPU
		{95A9A2E1-4A63-4D52-934A-2AB7420BFDF3}.Debug|x64.ActiveCfg = Debug|Any CPU
		{95A9A2E1-4A63-4D52-934A-2AB7420BFDF3}.Debug|x64.Build.0 = Debug|Any CPU
		{95A9A2E1-4A63-4D52-934A-2AB7420BFDF3}.Debug|x86.ActiveCfg = Debug|Any CPU
		{95A9A2E1-4A63-4D52-934A-2AB7420BFDF3}.Debug|x86.Build.0 = Debug|Any CPU
		{95A9A2E1-4A63-4D52-934A-2AB7420BFDF3}.Release|Any CPU.ActiveCfg = Release|Any CPU
		{95A9A2E1-4A63-4D52-934A-2AB7420BFDF3}.Release|Any CPU.Build.0 = Release|Any CPU
		{95A9A2E1-4A63-4D52-934A-2AB7420BFDF3}.Release|x64.ActiveCfg = Release|Any CPU
		{95A9A2E1-4A63-4D52-934A-2AB7420BFDF3}.Release|x64.Build.0 = Release|Any CPU
		{95A9A2E1-4A63-4D52-934A-2AB7420BFDF3}.Release|x86.ActiveCfg = Release|Any CPU
		{95A9A2E1-4A63-4D52-934A-2AB7420BFDF3}.Release|x86.Build.0 = Release|Any CPU
		{C3DB1F67-854B-481B-85A2-1DFB81BD422F}.Debug|Any CPU.ActiveCfg = Debug|Any CPU
		{C3DB1F67-854B-481B-85A2-1DFB81BD422F}.Debug|Any CPU.Build.0 = Debug|Any CPU
		{C3DB1F67-854B-481B-85A2-1DFB81BD422F}.Debug|x64.ActiveCfg = Debug|Any CPU
		{C3DB1F67-854B-481B-85A2-1DFB81BD422F}.Debug|x64.Build.0 = Debug|Any CPU
		{C3DB1F67-854B-481B-85A2-1DFB81BD422F}.Debug|x86.ActiveCfg = Debug|Any CPU
		{C3DB1F67-854B-481B-85A2-1DFB81BD422F}.Debug|x86.Build.0 = Debug|Any CPU
		{C3DB1F67-854B-481B-85A2-1DFB81BD422F}.Release|Any CPU.ActiveCfg = Release|Any CPU
		{C3DB1F67-854B-481B-85A2-1DFB81BD422F}.Release|Any CPU.Build.0 = Release|Any CPU
		{C3DB1F67-854B-481B-85A2-1DFB81BD422F}.Release|x64.ActiveCfg = Release|Any CPU
		{C3DB1F67-854B-481B-85A2-1DFB81BD422F}.Release|x64.Build.0 = Release|Any CPU
		{C3DB1F67-854B-481B-85A2-1DFB81BD422F}.Release|x86.ActiveCfg = Release|Any CPU
		{C3DB1F67-854B-481B-85A2-1DFB81BD422F}.Release|x86.Build.0 = Release|Any CPU
		{4C66702E-9060-4C92-BB3C-2B770CF7D20C}.Debug|Any CPU.ActiveCfg = Debug|Any CPU
		{4C66702E-9060-4C92-BB3C-2B770CF7D20C}.Debug|Any CPU.Build.0 = Debug|Any CPU
		{4C66702E-9060-4C92-BB3C-2B770CF7D20C}.Debug|x64.ActiveCfg = Debug|Any CPU
		{4C66702E-9060-4C92-BB3C-2B770CF7D20C}.Debug|x64.Build.0 = Debug|Any CPU
		{4C66702E-9060-4C92-BB3C-2B770CF7D20C}.Debug|x86.ActiveCfg = Debug|Any CPU
		{4C66702E-9060-4C92-BB3C-2B770CF7D20C}.Debug|x86.Build.0 = Debug|Any CPU
		{4C66702E-9060-4C92-BB3C-2B770CF7D20C}.Release|Any CPU.ActiveCfg = Release|Any CPU
		{4C66702E-9060-4C92-BB3C-2B770CF7D20C}.Release|Any CPU.Build.0 = Release|Any CPU
		{4C66702E-9060-4C92-BB3C-2B770CF7D20C}.Release|x64.ActiveCfg = Release|Any CPU
		{4C66702E-9060-4C92-BB3C-2B770CF7D20C}.Release|x64.Build.0 = Release|Any CPU
		{4C66702E-9060-4C92-BB3C-2B770CF7D20C}.Release|x86.ActiveCfg = Release|Any CPU
		{4C66702E-9060-4C92-BB3C-2B770CF7D20C}.Release|x86.Build.0 = Release|Any CPU
	EndGlobalSection
	GlobalSection(SolutionProperties) = preSolution
		HideSolutionNode = FALSE
	EndGlobalSection
EndGlobal
