Microsoft Visual Studio Solution File, Format Version 12.00
# Visual Studio Version 17
VisualStudioVersion = 17.10.35013.130
MinimumVisualStudioVersion = 10.0.40219.1
Project("{9A19103F-16F7-4668-BE54-9A1E7A4F7556}") = "RepoArchitect.App", "RepoArchitect.App\RepoArchitect.App.csproj", "{6B77F1FF-7978-414E-B7C3-BD27852B51FF}"
EndProject
Project("{9A19103F-16F7-4668-BE54-9A1E7A4F7556}") = "RepoArchitect.Core", "RepoArchitect.Core\RepoArchitect.Core.csproj", "{4576B60D-16B1-4A45-8920-21E95B0B6AAC}"
EndProject
Project("{9A19103F-16F7-4668-BE54-9A1E7A4F7556}") = "RepoArchitect.UI", "RepoArchitect.UI\RepoArchitect.UI.csproj", "{DA085666-7727-4673-8704-C66FAA32EFE2}"
EndProject
Project("{9A19103F-16F7-4668-BE54-9A1E7A4F7556}") = "RepoArchitect.Tests", "RepoArchitect.Tests\RepoArchitect.Tests.csproj", "{19E29E30-93D0-4E9E-83C7-7522E0C56DF0}"
EndProject
Global
  GlobalSection(SolutionConfigurationPlatforms) = preSolution
    Debug|Any CPU = Debug|Any CPU
    Release|Any CPU = Release|Any CPU
  EndGlobalSection
  GlobalSection(ProjectConfigurationPlatforms) = postSolution
    {6B77F1FF-7978-414E-B7C3-BD27852B51FF}.Debug|Any CPU.ActiveCfg = Debug|Any CPU
    {6B77F1FF-7978-414E-B7C3-BD27852B51FF}.Debug|Any CPU.Build.0 = Debug|Any CPU
    {6B77F1FF-7978-414E-B7C3-BD27852B51FF}.Release|Any CPU.ActiveCfg = Release|Any CPU
    {6B77F1FF-7978-414E-B7C3-BD27852B51FF}.Release|Any CPU.Build.0 = Release|Any CPU
    {4576B60D-16B1-4A45-8920-21E95B0B6AAC}.Debug|Any CPU.ActiveCfg = Debug|Any CPU
    {4576B60D-16B1-4A45-8920-21E95B0B6AAC}.Debug|Any CPU.Build.0 = Debug|Any CPU
    {4576B60D-16B1-4A45-8920-21E95B0B6AAC}.Release|Any CPU.ActiveCfg = Release|Any CPU
    {4576B60D-16B1-4A45-8920-21E95B0B6AAC}.Release|Any CPU.Build.0 = Release|Any CPU
    {DA085666-7727-4673-8704-C66FAA32EFE2}.Debug|Any CPU.ActiveCfg = Debug|Any CPU
    {DA085666-7727-4673-8704-C66FAA32EFE2}.Debug|Any CPU.Build.0 = Debug|Any CPU
    {DA085666-7727-4673-8704-C66FAA32EFE2}.Release|Any CPU.ActiveCfg = Release|Any CPU
    {DA085666-7727-4673-8704-C66FAA32EFE2}.Release|Any CPU.Build.0 = Release|Any CPU
    {19E29E30-93D0-4E9E-83C7-7522E0C56DF0}.Debug|Any CPU.ActiveCfg = Debug|Any CPU
    {19E29E30-93D0-4E9E-83C7-7522E0C56DF0}.Debug|Any CPU.Build.0 = Debug|Any CPU
    {19E29E30-93D0-4E9E-83C7-7522E0C56DF0}.Release|Any CPU.ActiveCfg = Release|Any CPU
    {19E29E30-93D0-4E9E-83C7-7522E0C56DF0}.Release|Any CPU.Build.0 = Release|Any CPU
  EndGlobalSection
EndGlobal
